# THIS IS AN AUTOGENERATED FILE. DO NOT EDIT THIS FILE DIRECTLY.
# yarn lockfile v1


accepts@^1.3.5:
  version "1.3.5"
  resolved "http://r.cnpmjs.org/accepts/download/accepts-1.3.5.tgz#eb777df6011723a3b14e8a72c0805c8e86746bd2"
  integrity sha1-63d99gEXI6OxTopywIBcjoZ0a9I=
  dependencies:
    mime-types "~2.1.18"
    negotiator "0.6.1"

any-promise@^1.1.0:
  version "1.3.0"
  resolved "http://r.cnpmjs.org/any-promise/download/any-promise-1.3.0.tgz#abc6afeedcea52e809cdc0376aed3ce39635d17f"
  integrity sha1-q8av7tzqUugJzcA3au0845Y10X8=

append-field@^0.1.0:
  version "0.1.0"
  resolved "http://r.cnpmjs.org/append-field/download/append-field-0.1.0.tgz#6ddc58fa083c7bc545d3c5995b2830cc2366d44a"
  integrity sha1-bdxY+gg8e8VF08WZWygwzCNm1Eo=

async@2.6.0:
  version "2.6.0"
  resolved "http://r.cnpmjs.org/async/download/async-2.6.0.tgz#61a29abb6fcc026fea77e56d1c6ec53a795951f4"
  integrity sha1-YaKau2/MAm/qd+VtHG7FOnlZUfQ=
  dependencies:
    lodash "^4.14.0"

bluebird@3.5.0:
  version "3.5.0"
  resolved "http://r.cnpmjs.org/bluebird/download/bluebird-3.5.0.tgz#791420d7f551eea2897453a8a77653f96606d67c"
  integrity sha1-eRQg1/VR7qKJdFOop3ZT+WYG1nw=

bluebird@^3.5.0:
  version "3.5.3"
  resolved "http://r.cnpmjs.org/bluebird/download/bluebird-3.5.3.tgz#7d01c6f9616c9a51ab0f8c549a79dfe6ec33efa7"
  integrity sha1-fQHG+WFsmlGrD4xUmnnf5uwz76c=

bson@~1.0.4:
  version "1.0.9"
  resolved "http://r.cnpmjs.org/bson/download/bson-1.0.9.tgz#12319f8323b1254739b7c6bef8d3e89ae05a2f57"
  integrity sha1-EjGfgyOxJUc5t8a++NPomuBaL1c=

buffer-equal-constant-time@1.0.1:
  version "1.0.1"
  resolved "http://r.cnpmjs.org/buffer-equal-constant-time/download/buffer-equal-constant-time-1.0.1.tgz#f8e71132f7ffe6e01a5c9697a4c6f3e48d5cc819"
  integrity sha1-+OcRMvf/5uAaXJaXpMbz5I1cyBk=

buffer-from@^1.0.0:
  version "1.1.1"
  resolved "http://r.cnpmjs.org/buffer-from/download/buffer-from-1.1.1.tgz#32713bc028f75c02fdb710d7c7bcec1f2c6070ef"
  integrity sha1-MnE7wCj3XAL9txDXx7zsHyxgcO8=

buffer-shims@~1.0.0:
  version "1.0.0"
  resolved "http://r.cnpmjs.org/buffer-shims/download/buffer-shims-1.0.0.tgz#9978ce317388c649ad8793028c3477ef044a8b51"
  integrity sha1-mXjOMXOIxkmth5MCjDR37wRKi1E=

busboy@^0.2.11:
  version "0.2.14"
  resolved "http://r.cnpmjs.org/busboy/download/busboy-0.2.14.tgz#6c2a622efcf47c57bbbe1e2a9c37ad36c7925453"
  integrity sha1-bCpiLvz0fFe7vh4qnDetNseSVFM=
  dependencies:
    dicer "0.2.5"
    readable-stream "1.1.x"

bytes@3.0.0:
  version "3.0.0"
  resolved "http://r.cnpmjs.org/bytes/download/bytes-3.0.0.tgz#d32815404d689699f85a4ea4fa8755dd13a96048"
  integrity sha1-0ygVQE1olpn4Wk6k+odV3ROpYEg=

cache-content-type@^1.0.0:
  version "1.0.1"
  resolved "http://r.cnpmjs.org/cache-content-type/download/cache-content-type-1.0.1.tgz#035cde2b08ee2129f4a8315ea8f00a00dba1453c"
  integrity sha1-A1zeKwjuISn0qDFeqPAKANuhRTw=
  dependencies:
    mime-types "^2.1.18"
    ylru "^1.2.0"

co-body@^5.1.1:
  version "5.2.0"
  resolved "http://r.cnpmjs.org/co-body/download/co-body-5.2.0.tgz#5a0a658c46029131e0e3a306f67647302f71c124"
  integrity sha1-WgpljEYCkTHg46MG9nZHMC9xwSQ=
  dependencies:
    inflation "^2.0.0"
    qs "^6.4.0"
    raw-body "^2.2.0"
    type-is "^1.6.14"

co@^4.6.0:
  version "4.6.0"
  resolved "http://r.cnpmjs.org/co/download/co-4.6.0.tgz#6ea6bdf3d853ae54ccb8e47bfa0bf3f9031fb184"
  integrity sha1-bqa989hTrlTMuOR7+gvz+QMfsYQ=

concat-stream@^1.5.0:
  version "1.6.2"
  resolved "http://r.cnpmjs.org/concat-stream/download/concat-stream-1.6.2.tgz#904bdf194cd3122fc675c77fc4ac3d4ff0fd1a34"
  integrity sha1-kEvfGUzTEi/Gdcd/xKw9T/D9GjQ=
  dependencies:
    buffer-from "^1.0.0"
    inherits "^2.0.3"
    readable-stream "^2.2.2"
    typedarray "^0.0.6"

content-disposition@~0.5.2:
  version "0.5.3"
  resolved "http://r.cnpmjs.org/content-disposition/download/content-disposition-0.5.3.tgz#e130caf7e7279087c5616c2007d0485698984fbd"
  integrity sha1-4TDK9+cnkIfFYWwgB9BIVpiYT70=
  dependencies:
    safe-buffer "5.1.2"

content-type@^1.0.4:
  version "1.0.4"
  resolved "http://r.cnpmjs.org/content-type/download/content-type-1.0.4.tgz#e138cc75e040c727b1966fe5e5f8c9aee256fe3b"
  integrity sha1-4TjMdeBAxyexlm/l5fjJruJW/js=

cookies@~0.7.1:
  version "0.7.3"
  resolved "http://r.cnpmjs.org/cookies/download/cookies-0.7.3.tgz#7912ce21fbf2e8c2da70cf1c3f351aecf59dadfa"
  integrity sha1-eRLOIfvy6MLacM8cPzUa7PWdrfo=
  dependencies:
    depd "~1.1.2"
    keygrip "~1.0.3"

core-util-is@~1.0.0:
  version "1.0.2"
  resolved "http://r.cnpmjs.org/core-util-is/download/core-util-is-1.0.2.tgz#b5fd54220aa2bc5ab57aab7140c940754503c1a7"
  integrity sha1-tf1UIgqivFq1eqtxQMlAdUUDwac=

debug@2.6.9:
  version "2.6.9"
  resolved "http://r.cnpmjs.org/debug/download/debug-2.6.9.tgz#5d128515df134ff327e90a4c93f4e077a536341f"
  integrity sha1-XRKFFd8TT/Mn6QpMk/Tgd6U2NB8=
  dependencies:
    ms "2.0.0"

debug@^3.1.0:
  version "3.2.6"
  resolved "http://r.cnpmjs.org/debug/download/debug-3.2.6.tgz#e83d17de16d8a7efb7717edbe5fb10135eee629b"
  integrity sha1-6D0X3hbYp++3cX7b5fsQE17uYps=
  dependencies:
    ms "^2.1.1"

debug@~3.1.0:
  version "3.1.0"
  resolved "http://r.cnpmjs.org/debug/download/debug-3.1.0.tgz#5bb5a0672628b64149566ba16819e61518c67261"
  integrity sha1-W7WgZyYotkFJVmuhaBnmFRjGcmE=
  dependencies:
    ms "2.0.0"

deep-equal@~1.0.1:
  version "1.0.1"
  resolved "http://r.cnpmjs.org/deep-equal/download/deep-equal-1.0.1.tgz#f5d260292b660e084eff4cdbc9f08ad3247448b5"
  integrity sha1-9dJgKStmDghO/0zbyfCK0yR0SLU=

delegates@^1.0.0:
  version "1.0.0"
  resolved "http://r.cnpmjs.org/delegates/download/delegates-1.0.0.tgz#84c6e159b81904fdca59a0ef44cd870d31250f9a"
  integrity sha1-hMbhWbgZBP3KWaDvRM2HDTElD5o=

depd@^1.1.2, depd@~1.1.2:
  version "1.1.2"
  resolved "http://r.cnpmjs.org/depd/download/depd-1.1.2.tgz#9bcd52e14c097763e749b274c4346ed2e560b5a9"
  integrity sha1-m81S4UwJd2PnSbJ0xDRu0uVgtak=

destroy@^1.0.4:
  version "1.0.4"
  resolved "http://r.cnpmjs.org/destroy/download/destroy-1.0.4.tgz#978857442c44749e4206613e37946205826abd80"
  integrity sha1-l4hXRCxEdJ5CBmE+N5RiBYJqvYA=

dicer@0.2.5:
  version "0.2.5"
  resolved "http://r.cnpmjs.org/dicer/download/dicer-0.2.5.tgz#5996c086bb33218c812c090bddc09cd12facb70f"
  integrity sha1-WZbAhrszIYyBLAkL3cCc0S+stw8=
  dependencies:
    readable-stream "1.1.x"
    streamsearch "0.1.2"

double-ended-queue@^2.1.0-0:
  version "2.1.0-0"
  resolved "http://r.cnpmjs.org/double-ended-queue/download/double-ended-queue-2.1.0-0.tgz#103d3527fd31528f40188130c841efdd78264e5c"
  integrity sha1-ED01J/0xUo9AGIEwyEHv3XgmTlw=

ecdsa-sig-formatter@1.0.11:
  version "1.0.11"
  resolved "http://r.cnpmjs.org/ecdsa-sig-formatter/download/ecdsa-sig-formatter-1.0.11.tgz#ae0f0fa2d85045ef14a817daa3ce9acd0489e5bf"
  integrity sha1-rg8PothQRe8UqBfao86azQSJ5b8=
  dependencies:
    safe-buffer "^5.0.1"

ee-first@1.1.1:
  version "1.1.1"
  resolved "http://r.cnpmjs.org/ee-first/download/ee-first-1.1.1.tgz#590c61156b0ae2f4f0255732a158b266bc56b21d"
  integrity sha1-WQxhFWsK4vTwJVcyoViyZrxWsh0=

error-inject@^1.0.0:
  version "1.0.0"
  resolved "http://r.cnpmjs.org/error-inject/download/error-inject-1.0.0.tgz#e2b3d91b54aed672f309d950d154850fa11d4f37"
  integrity sha1-4rPZG1Su1nLzCdlQ0VSFD6EdTzc=

es6-promise@3.2.1:
  version "3.2.1"
  resolved "http://r.cnpmjs.org/es6-promise/download/es6-promise-3.2.1.tgz#ec56233868032909207170c39448e24449dd1fc4"
  integrity sha1-7FYjOGgDKQkgcXDDlEjiREndH8Q=

escape-html@^1.0.3:
  version "1.0.3"
  resolved "http://r.cnpmjs.org/escape-html/download/escape-html-1.0.3.tgz#0258eae4d3d0c0974de1c169188ef0051d1d1988"
  integrity sha1-Aljq5NPQwJdN4cFpGI7wBR0dGYg=

formidable@^1.1.1:
  version "1.2.1"
  resolved "http://r.cnpmjs.org/formidable/download/formidable-1.2.1.tgz#70fb7ca0290ee6ff961090415f4b3df3d2082659"
  integrity sha1-cPt8oCkO5v+WEJBBX0s989IIJlk=

fresh@~0.5.2:
  version "0.5.2"
  resolved "http://r.cnpmjs.org/fresh/download/fresh-0.5.2.tgz#3d8cadd90d976569fa835ab1f8e4b23a105605a7"
  integrity sha1-PYyt2Q2XZWn6g1qx+OSyOhBWBac=

hoek@2.x.x:
  version "2.16.3"
  resolved "http://r.cnpmjs.org/hoek/download/hoek-2.16.3.tgz#20bb7403d3cea398e91dc4710a8ff1b8274a25ed"
  integrity sha1-ILt0A9POo5jpHcRxCo/xuCdKJe0=

hooks-fixed@2.0.2:
  version "2.0.2"
  resolved "http://r.cnpmjs.org/hooks-fixed/download/hooks-fixed-2.0.2.tgz#20076daa07e77d8a6106883ce3f1722e051140b0"
  integrity sha1-IAdtqgfnfYphBog84/FyLgURQLA=

http-assert@^1.3.0:
  version "1.4.0"
  resolved "http://r.cnpmjs.org/http-assert/download/http-assert-1.4.0.tgz#0e550b4fca6adf121bbeed83248c17e62f593a9a"
  integrity sha1-DlULT8pq3xIbvu2DJIwX5i9ZOpo=
  dependencies:
    deep-equal "~1.0.1"
    http-errors "~1.7.1"

http-errors@1.6.3:
  version "1.6.3"
  resolved "http://r.cnpmjs.org/http-errors/download/http-errors-1.6.3.tgz#8b55680bb4be283a0b5bf4ea2e38580be1d9320d"
  integrity sha1-i1VoC7S+KDoLW/TqLjhYC+HZMg0=
  dependencies:
    depd "~1.1.2"
    inherits "2.0.3"
    setprototypeof "1.1.0"
    statuses ">= 1.4.0 < 2"

http-errors@^1.3.1, http-errors@^1.6.3, http-errors@~1.7.1:
  version "1.7.2"
  resolved "http://r.cnpmjs.org/http-errors/download/http-errors-1.7.2.tgz#4f5029cf13239f31036e5b2e55292bcfbcc85c8f"
  integrity sha1-T1ApzxMjnzEDblsuVSkrz7zIXI8=
  dependencies:
    depd "~1.1.2"
    inherits "2.0.3"
    setprototypeof "1.1.1"
    statuses ">= 1.5.0 < 2"
    toidentifier "1.0.0"

iconv-lite@0.4.23:
  version "0.4.23"
  resolved "http://r.cnpmjs.org/iconv-lite/download/iconv-lite-0.4.23.tgz#297871f63be507adcfbfca715d0cd0eed84e9a63"
  integrity sha1-KXhx9jvlB63Pv8pxXQzQ7thOmmM=
  dependencies:
    safer-buffer ">= 2.1.2 < 3"

inflation@^2.0.0:
  version "2.0.0"
  resolved "http://r.cnpmjs.org/inflation/download/inflation-2.0.0.tgz#8b417e47c28f925a45133d914ca1fd389107f30f"
  integrity sha1-i0F+R8KPklpFEz2RTKH9OJEH8w8=

inherits@2.0.3, inherits@^2.0.3, inherits@~2.0.1, inherits@~2.0.3:
  version "2.0.3"
  resolved "http://r.cnpmjs.org/inherits/download/inherits-2.0.3.tgz#633c2c83e3da42a502f52466022480f4208261de"
  integrity sha1-Yzwsg+PaQqUC9SRmAiSA9CCCYd4=

is-generator-function@^1.0.7:
  version "1.0.7"
  resolved "http://r.cnpmjs.org/is-generator-function/download/is-generator-function-1.0.7.tgz#d2132e529bb0000a7f80794d4bdf5cd5e5813522"
  integrity sha1-0hMuUpuwAAp/gHlNS99c1eWBNSI=

isarray@0.0.1:
  version "0.0.1"
  resolved "http://r.cnpmjs.org/isarray/download/isarray-0.0.1.tgz#8a18acfca9a8f4177e09abfc6038939b05d1eedf"
  integrity sha1-ihis/Kmo9Bd+Cav8YDiTmwXR7t8=

isarray@~1.0.0:
  version "1.0.0"
  resolved "http://r.cnpmjs.org/isarray/download/isarray-1.0.0.tgz#bb935d48582cba168c06834957a54a3e07124f11"
  integrity sha1-u5NdSFgsuhaMBoNJV6VKPgcSTxE=

isemail@1.x.x:
  version "1.2.0"
  resolved "http://r.cnpmjs.org/isemail/download/isemail-1.2.0.tgz#be03df8cc3e29de4d2c5df6501263f1fa4595e9a"
  integrity sha1-vgPfjMPineTSxd9lASY/H6RZXpo=

joi@^6.10.1:
  version "6.10.1"
  resolved "http://r.cnpmjs.org/joi/download/joi-6.10.1.tgz#4d50c318079122000fe5f16af1ff8e1917b77e06"
  integrity sha1-TVDDGAeRIgAP5fFq8f+OGRe3fgY=
  dependencies:
    hoek "2.x.x"
    isemail "1.x.x"
    moment "2.x.x"
    topo "1.x.x"

jsonwebtoken@^7.4.1:
  version "7.4.3"
  resolved "http://r.cnpmjs.org/jsonwebtoken/download/jsonwebtoken-7.4.3.tgz#77f5021de058b605a1783fa1283e99812e645638"
  integrity sha1-d/UCHeBYtgWheD+hKD6ZgS5kVjg=
  dependencies:
    joi "^6.10.1"
    jws "^3.1.4"
    lodash.once "^4.0.0"
    ms "^2.0.0"
    xtend "^4.0.1"

jwa@^1.2.0:
  version "1.3.0"
  resolved "http://r.cnpmjs.org/jwa/download/jwa-1.3.0.tgz#061a7c3bb8ab2b3434bb2f432005a8bb7fca0efa"
  integrity sha1-Bhp8O7irKzQ0uy9DIAWou3/KDvo=
  dependencies:
    buffer-equal-constant-time "1.0.1"
    ecdsa-sig-formatter "1.0.11"
    safe-buffer "^5.0.1"

jws@^3.1.4:
  version "3.2.1"
  resolved "http://r.cnpmjs.org/jws/download/jws-3.2.1.tgz#d79d4216a62c9afa0a3d5e8b5356d75abdeb2be5"
  integrity sha1-151CFqYsmvoKPV6LU1bXWr3rK+U=
  dependencies:
    jwa "^1.2.0"
    safe-buffer "^5.0.1"

kareem@1.5.0:
  version "1.5.0"
  resolved "http://r.cnpmjs.org/kareem/download/kareem-1.5.0.tgz#e3e4101d9dcfde299769daf4b4db64d895d17448"
  integrity sha1-4+QQHZ3P3imXadr0tNtk2JXRdEg=

keygrip@~1.0.3:
  version "1.0.3"
  resolved "http://r.cnpmjs.org/keygrip/download/keygrip-1.0.3.tgz#399d709f0aed2bab0a059e0cdd3a5023a053e1dc"
  integrity sha1-OZ1wnwrtK6sKBZ4M3TpQI6BT4dw=

koa-body@^2.3.0:
  version "2.6.0"
  resolved "http://r.cnpmjs.org/koa-body/download/koa-body-2.6.0.tgz#8ed7a192a64a38df610a986342d1801855641a1d"
  integrity sha1-jtehkqZKON9hCphjQtGAGFVkGh0=
  dependencies:
    co-body "^5.1.1"
    formidable "^1.1.1"

koa-compose@^3.0.0:
  version "3.2.1"
  resolved "http://r.cnpmjs.org/koa-compose/download/koa-compose-3.2.1.tgz#a85ccb40b7d986d8e5a345b3a1ace8eabcf54de7"
  integrity sha1-qFzLQLfZhtjlo0Wzoazo6rz1Tec=
  dependencies:
    any-promise "^1.1.0"

koa-compose@^4.1.0:
  version "4.1.0"
  resolved "http://r.cnpmjs.org/koa-compose/download/koa-compose-4.1.0.tgz#507306b9371901db41121c812e923d0d67d3e877"
  integrity sha1-UHMGuTcZAdtBEhyBLpI9DWfT6Hc=

koa-convert@^1.2.0:
  version "1.2.0"
  resolved "http://r.cnpmjs.org/koa-convert/download/koa-convert-1.2.0.tgz#da40875df49de0539098d1700b50820cebcd21d0"
  integrity sha1-2kCHXfSd4FOQmNFwC1CCDOvNIdA=
  dependencies:
    co "^4.6.0"
    koa-compose "^3.0.0"

koa-cors@^0.0.16:
  version "0.0.16"
  resolved "http://r.cnpmjs.org/koa-cors/download/koa-cors-0.0.16.tgz#98107993a7909e34c042986c5ec6156d77f3432e"
  integrity sha1-mBB5k6eQnjTAQphsXsYVbXfzQy4=

koa-is-json@^1.0.0:
  version "1.0.0"
  resolved "http://r.cnpmjs.org/koa-is-json/download/koa-is-json-1.0.0.tgz#273c07edcdcb8df6a2c1ab7d59ee76491451ec14"
  integrity sha1-JzwH7c3Ljfaiwat9We52SRRR7BQ=

koa-multer@^1.0.2:
  version "1.0.2"
  resolved "http://r.cnpmjs.org/koa-multer/download/koa-multer-1.0.2.tgz#d38f7ffd1db97b1aad33e7774732f000ebd67259"
  integrity sha1-049//R25exqtM+d3RzLwAOvWclk=
  dependencies:
    multer "1.3.0"

koa-router@^7.2.1:
  version "7.4.0"
  resolved "http://r.cnpmjs.org/koa-router/download/koa-router-7.4.0.tgz#aee1f7adc02d5cb31d7d67465c9eacc825e8c5e0"
  integrity sha1-ruH3rcAtXLMdfWdGXJ6syCXoxeA=
  dependencies:
    debug "^3.1.0"
    http-errors "^1.3.1"
    koa-compose "^3.0.0"
    methods "^1.0.1"
    path-to-regexp "^1.1.1"
    urijs "^1.19.0"

koa2-cors@^2.0.5:
  version "2.0.6"
  resolved "http://r.cnpmjs.org/koa2-cors/download/koa2-cors-2.0.6.tgz#9ad23df3a0b9bb84530b46f5944f3fb576086554"
  integrity sha1-mtI986C5u4RTC0b1lE8/tXYIZVQ=

koa@^2.3.0:
  version "2.7.0"
  resolved "http://r.cnpmjs.org/koa/download/koa-2.7.0.tgz#7e00843506942b9d82c6cc33749f657c6e5e7adf"
  integrity sha1-fgCENQaUK52CxswzdJ9lfG5eet8=
  dependencies:
    accepts "^1.3.5"
    cache-content-type "^1.0.0"
    content-disposition "~0.5.2"
    content-type "^1.0.4"
    cookies "~0.7.1"
    debug "~3.1.0"
    delegates "^1.0.0"
    depd "^1.1.2"
    destroy "^1.0.4"
    error-inject "^1.0.0"
    escape-html "^1.0.3"
    fresh "~0.5.2"
    http-assert "^1.3.0"
    http-errors "^1.6.3"
    is-generator-function "^1.0.7"
    koa-compose "^4.1.0"
    koa-convert "^1.2.0"
    koa-is-json "^1.0.0"
    on-finished "^2.3.0"
    only "~0.0.2"
    parseurl "^1.3.2"
    statuses "^1.5.0"
    type-is "^1.6.16"
    vary "^1.1.2"

lodash.get@4.4.2:
  version "4.4.2"
  resolved "http://r.cnpmjs.org/lodash.get/download/lodash.get-4.4.2.tgz#2d177f652fa31e939b4438d5341499dfa3825e99"
  integrity sha1-LRd/ZS+jHpObRDjVNBSZ36OCXpk=

lodash.once@^4.0.0:
  version "4.1.1"
  resolved "http://r.cnpmjs.org/lodash.once/download/lodash.once-4.1.1.tgz#0dd3971213c7c56df880977d504c88fb471a97ac"
  integrity sha1-DdOXEhPHxW34gJd9UEyI+0cal6w=

lodash@^4.14.0:
  version "4.17.11"
  resolved "http://r.cnpmjs.org/lodash/download/lodash-4.17.11.tgz#b39ea6229ef607ecd89e2c8df12536891cac9b8d"
  integrity sha1-s56mIp72B+zYniyN8SU2iRysm40=

media-typer@0.3.0:
  version "0.3.0"
  resolved "http://r.cnpmjs.org/media-typer/download/media-typer-0.3.0.tgz#8710d7af0aa626f8fffa1ce00168545263255748"
  integrity sha1-hxDXrwqmJvj/+hzgAWhUUmMlV0g=

methods@^1.0.1:
  version "1.1.2"
  resolved "http://r.cnpmjs.org/methods/download/methods-1.1.2.tgz#5529a4d67654134edcc5266656835b0f851afcee"
  integrity sha1-VSmk1nZUE07cxSZmVoNbD4Ua/O4=

mime-db@~1.38.0:
  version "1.38.0"
  resolved "http://r.cnpmjs.org/mime-db/download/mime-db-1.38.0.tgz#1a2aab16da9eb167b49c6e4df2d9c68d63d8e2ad"
  integrity sha1-GiqrFtqesWe0nG5N8tnGjWPY4q0=

mime-types@^2.1.18, mime-types@~2.1.18:
  version "2.1.22"
  resolved "http://r.cnpmjs.org/mime-types/download/mime-types-2.1.22.tgz#fe6b355a190926ab7698c9a0556a11199b2199bd"
  integrity sha1-/ms1WhkJJqt2mMmgVWoRGZshmb0=
  dependencies:
    mime-db "~1.38.0"

minimist@0.0.8:
  version "0.0.8"
  resolved "http://r.cnpmjs.org/minimist/download/minimist-0.0.8.tgz#857fcabfc3397d2625b8228262e86aa7a011b05d"
  integrity sha1-hX/Kv8M5fSYluCKCYuhqp6ARsF0=

mkdirp@^0.5.1:
  version "0.5.1"
  resolved "http://r.cnpmjs.org/mkdirp/download/mkdirp-0.5.1.tgz#30057438eac6cf7f8c4767f38648d6697d75c903"
  integrity sha1-MAV0OOrGz3+MR2fzhkjWaX11yQM=
  dependencies:
    minimist "0.0.8"

moment@2.x.x:
  version "2.24.0"
  resolved "http://r.cnpmjs.org/moment/download/moment-2.24.0.tgz#0d055d53f5052aa653c9f6eb68bb5d12bf5c2b5b"
  integrity sha1-DQVdU/UFKqZTyfbraLtdEr9cK1s=

mongodb-core@2.1.18:
  version "2.1.18"
  resolved "http://r.cnpmjs.org/mongodb-core/download/mongodb-core-2.1.18.tgz#4c46139bdf3a1f032ded91db49f38eec01659050"
  integrity sha1-TEYTm986HwMt7ZHbSfOO7AFlkFA=
  dependencies:
    bson "~1.0.4"
    require_optional "~1.0.0"

mongodb@2.2.34:
  version "2.2.34"
  resolved "http://r.cnpmjs.org/mongodb/download/mongodb-2.2.34.tgz#a34f59bbeb61754aec432de72c3fe21526a44c1a"
  integrity sha1-o09Zu+thdUrsQy3nLD/iFSakTBo=
  dependencies:
    es6-promise "3.2.1"
    mongodb-core "2.1.18"
    readable-stream "2.2.7"

mongoose@^4.11.3:
  version "4.13.18"
  resolved "http://r.cnpmjs.org/mongoose/download/mongoose-4.13.18.tgz#1c173de315a11e207ff59461da0fa2103b895528"
  integrity sha1-HBc94xWhHiB/9ZRh2g+iEDuJVSg=
  dependencies:
    async "2.6.0"
    bson "~1.0.4"
    hooks-fixed "2.0.2"
    kareem "1.5.0"
    lodash.get "4.4.2"
    mongodb "2.2.34"
    mpath "0.5.1"
    mpromise "0.5.5"
    mquery "2.3.3"
    ms "2.0.0"
    muri "1.3.0"
    regexp-clone "0.0.1"
    sliced "1.0.1"

mpath@0.5.1:
  version "0.5.1"
  resolved "http://r.cnpmjs.org/mpath/download/mpath-0.5.1.tgz#17131501f1ff9e6e4fbc8ffa875aa7065b5775ab"
  integrity sha1-FxMVAfH/nm5PvI/6h1qnBltXdas=

mpromise@0.5.5:
  version "0.5.5"
  resolved "http://r.cnpmjs.org/mpromise/download/mpromise-0.5.5.tgz#f5b24259d763acc2257b0a0c8c6d866fd51732e6"
  integrity sha1-9bJCWddjrMIlewoMjG2Gb9UXMuY=

mquery@2.3.3:
  version "2.3.3"
  resolved "http://r.cnpmjs.org/mquery/download/mquery-2.3.3.tgz#221412e5d4e7290ca5582dd16ea8f190a506b518"
  integrity sha1-IhQS5dTnKQylWC3RbqjxkKUGtRg=
  dependencies:
    bluebird "3.5.0"
    debug "2.6.9"
    regexp-clone "0.0.1"
    sliced "0.0.5"

ms@2.0.0:
  version "2.0.0"
  resolved "http://r.cnpmjs.org/ms/download/ms-2.0.0.tgz#5608aeadfc00be6c2901df5f9861788de0d597c8"
  integrity sha1-VgiurfwAvmwpAd9fmGF4jeDVl8g=

ms@^2.0.0, ms@^2.1.1:
  version "2.1.1"
  resolved "http://r.cnpmjs.org/ms/download/ms-2.1.1.tgz#30a5864eb3ebb0a66f2ebe6d727af06a09d86e0a"
  integrity sha1-MKWGTrPrsKZvLr5tcnrwagnYbgo=

multer@1.3.0:
  version "1.3.0"
  resolved "http://r.cnpmjs.org/multer/download/multer-1.3.0.tgz#092b2670f6846fa4914965efc8cf94c20fec6cd2"
  integrity sha1-CSsmcPaEb6SRSWXvyM+Uwg/sbNI=
  dependencies:
    append-field "^0.1.0"
    busboy "^0.2.11"
    concat-stream "^1.5.0"
    mkdirp "^0.5.1"
    object-assign "^3.0.0"
    on-finished "^2.3.0"
    type-is "^1.6.4"
    xtend "^4.0.0"

muri@1.3.0:
  version "1.3.0"
  resolved "http://r.cnpmjs.org/muri/download/muri-1.3.0.tgz#aeccf3db64c56aa7c5b34e00f95b7878527a4721"
  integrity sha1-rszz22TFaqfFs04A+Vt4eFJ6RyE=

negotiator@0.6.1:
  version "0.6.1"
  resolved "http://r.cnpmjs.org/negotiator/download/negotiator-0.6.1.tgz#2b327184e8992101177b28563fb5e7102acd0ca9"
  integrity sha1-KzJxhOiZIQEXeyhWP7XnECrNDKk=

object-assign@^3.0.0:
  version "3.0.0"
  resolved "http://r.cnpmjs.org/object-assign/download/object-assign-3.0.0.tgz#9bedd5ca0897949bca47e7ff408062d549f587f2"
  integrity sha1-m+3VygiXlJvKR+f/QIBi1Un1h/I=

on-finished@^2.3.0:
  version "2.3.0"
  resolved "http://r.cnpmjs.org/on-finished/download/on-finished-2.3.0.tgz#20f1336481b083cd75337992a16971aa2d906947"
  integrity sha1-IPEzZIGwg811M3mSoWlxqi2QaUc=
  dependencies:
    ee-first "1.1.1"

only@~0.0.2:
  version "0.0.2"
  resolved "http://r.cnpmjs.org/only/download/only-0.0.2.tgz#2afde84d03e50b9a8edc444e30610a70295edfb4"
  integrity sha1-Kv3oTQPlC5qO3EROMGEKcCle37Q=

parseurl@^1.3.2:
  version "1.3.2"
  resolved "http://r.cnpmjs.org/parseurl/download/parseurl-1.3.2.tgz#fc289d4ed8993119460c156253262cdc8de65bf3"
  integrity sha1-/CidTtiZMRlGDBViUyYs3I3mW/M=

path-to-regexp@^1.1.1:
  version "1.7.0"
  resolved "http://r.cnpmjs.org/path-to-regexp/download/path-to-regexp-1.7.0.tgz#59fde0f435badacba103a84e9d3bc64e96b9937d"
  integrity sha1-Wf3g9DW62suhA6hOnTvGTpa5k30=
  dependencies:
    isarray "0.0.1"

process-nextick-args@~1.0.6:
  version "1.0.7"
  resolved "http://r.cnpmjs.org/process-nextick-args/download/process-nextick-args-1.0.7.tgz#150e20b756590ad3f91093f25a4f2ad8bff30ba3"
  integrity sha1-FQ4gt1ZZCtP5EJPyWk8q2L/zC6M=

process-nextick-args@~2.0.0:
  version "2.0.0"
  resolved "http://r.cnpmjs.org/process-nextick-args/download/process-nextick-args-2.0.0.tgz#a37d732f4271b4ab1ad070d35508e8290788ffaa"
  integrity sha1-o31zL0JxtKsa0HDTVQjoKQeI/6o=

qs@^6.4.0:
  version "6.6.0"
  resolved "http://r.cnpmjs.org/qs/download/qs-6.6.0.tgz#a99c0f69a8d26bf7ef012f871cdabb0aee4424c2"
  integrity sha1-qZwPaajSa/fvAS+HHNq7Cu5EJMI=

raw-body@^2.2.0:
  version "2.3.3"
  resolved "http://r.cnpmjs.org/raw-body/download/raw-body-2.3.3.tgz#1b324ece6b5706e153855bc1148c65bb7f6ea0c3"
  integrity sha1-GzJOzmtXBuFThVvBFIxlu39uoMM=
  dependencies:
    bytes "3.0.0"
    http-errors "1.6.3"
    iconv-lite "0.4.23"
    unpipe "1.0.0"

readable-stream@1.1.x:
  version "1.1.14"
  resolved "http://r.cnpmjs.org/readable-stream/download/readable-stream-1.1.14.tgz#7cf4c54ef648e3813084c636dd2079e166c081d9"
  integrity sha1-fPTFTvZI44EwhMY23SB54WbAgdk=
  dependencies:
    core-util-is "~1.0.0"
    inherits "~2.0.1"
    isarray "0.0.1"
    string_decoder "~0.10.x"

readable-stream@2.2.7:
  version "2.2.7"
  resolved "http://r.cnpmjs.org/readable-stream/download/readable-stream-2.2.7.tgz#07057acbe2467b22042d36f98c5ad507054e95b1"
  integrity sha1-BwV6y+JGeyIELTb5jFrVBwVOlbE=
  dependencies:
    buffer-shims "~1.0.0"
    core-util-is "~1.0.0"
    inherits "~2.0.1"
    isarray "~1.0.0"
    process-nextick-args "~1.0.6"
    string_decoder "~1.0.0"
    util-deprecate "~1.0.1"

readable-stream@^2.2.2:
  version "2.3.6"
  resolved "http://r.cnpmjs.org/readable-stream/download/readable-stream-2.3.6.tgz#b11c27d88b8ff1fbe070643cf94b0c79ae1b0aaf"
  integrity sha1-sRwn2IuP8fvgcGQ8+UsMea4bCq8=
  dependencies:
    core-util-is "~1.0.0"
    inherits "~2.0.3"
    isarray "~1.0.0"
    process-nextick-args "~2.0.0"
    safe-buffer "~5.1.1"
    string_decoder "~1.1.1"
    util-deprecate "~1.0.1"

redis-commands@^1.2.0:
  version "1.4.0"
  resolved "http://r.cnpmjs.org/redis-commands/download/redis-commands-1.4.0.tgz#52f9cf99153efcce56a8f86af986bd04e988602f"
  integrity sha1-UvnPmRU+/M5WqPhq+Ya9BOmIYC8=

redis-parser@^2.6.0:
  version "2.6.0"
  resolved "http://r.cnpmjs.org/redis-parser/download/redis-parser-2.6.0.tgz#52ed09dacac108f1a631c07e9b69941e7a19504b"
  integrity sha1-Uu0J2srBCPGmMcB+m2mUHnoZUEs=

redis@^2.7.1:
  version "2.8.0"
  resolved "http://r.cnpmjs.org/redis/download/redis-2.8.0.tgz#202288e3f58c49f6079d97af7a10e1303ae14b02"
  integrity sha1-ICKI4/WMSfYHnZevehDhMDrhSwI=
  dependencies:
    double-ended-queue "^2.1.0-0"
    redis-commands "^1.2.0"
    redis-parser "^2.6.0"

regexp-clone@0.0.1:
  version "0.0.1"
  resolved "http://r.cnpmjs.org/regexp-clone/download/regexp-clone-0.0.1.tgz#a7c2e09891fdbf38fbb10d376fb73003e68ac589"
  integrity sha1-p8LgmJH9vzj7sQ03b7cwA+aKxYk=

require_optional@~1.0.0:
  version "1.0.1"
  resolved "http://r.cnpmjs.org/require_optional/download/require_optional-1.0.1.tgz#4cf35a4247f64ca3df8c2ef208cc494b1ca8fc2e"
  integrity sha1-TPNaQkf2TKPfjC7yCMxJSxyo/C4=
  dependencies:
    resolve-from "^2.0.0"
    semver "^5.1.0"

resolve-from@^2.0.0:
  version "2.0.0"
  resolved "http://r.cnpmjs.org/resolve-from/download/resolve-from-2.0.0.tgz#9480ab20e94ffa1d9e80a804c7ea147611966b57"
  integrity sha1-lICrIOlP+h2egKgEx+oUdhGWa1c=

safe-buffer@5.1.2, safe-buffer@^5.0.1, safe-buffer@~5.1.0, safe-buffer@~5.1.1:
  version "5.1.2"
  resolved "http://r.cnpmjs.org/safe-buffer/download/safe-buffer-5.1.2.tgz#991ec69d296e0313747d59bdfd2b745c35f8828d"
  integrity sha1-mR7GnSluAxN0fVm9/St0XDX4go0=

"safer-buffer@>= 2.1.2 < 3":
  version "2.1.2"
  resolved "http://r.cnpmjs.org/safer-buffer/download/safer-buffer-2.1.2.tgz#44fa161b0187b9549dd84bb91802f9bd8385cd6a"
  integrity sha1-RPoWGwGHuVSd2Eu5GAL5vYOFzWo=

semver@^5.1.0:
  version "5.6.0"
  resolved "http://r.cnpmjs.org/semver/download/semver-5.6.0.tgz#7e74256fbaa49c75aa7c7a205cc22799cac80004"
  integrity sha1-fnQlb7qknHWqfHogXMInmcrIAAQ=

setprototypeof@1.1.0:
  version "1.1.0"
  resolved "http://r.cnpmjs.org/setprototypeof/download/setprototypeof-1.1.0.tgz#d0bd85536887b6fe7c0d818cb962d9d91c54e656"
  integrity sha1-0L2FU2iHtv58DYGMuWLZ2RxU5lY=

setprototypeof@1.1.1:
  version "1.1.1"
  resolved "http://r.cnpmjs.org/setprototypeof/download/setprototypeof-1.1.1.tgz#7e95acb24aa92f5885e0abef5ba131330d4ae683"
  integrity sha1-fpWsskqpL1iF4KvvW6ExMw1K5oM=

sliced@0.0.5:
  version "0.0.5"
  resolved "http://r.cnpmjs.org/sliced/download/sliced-0.0.5.tgz#5edc044ca4eb6f7816d50ba2fc63e25d8fe4707f"
  integrity sha1-XtwETKTrb3gW1Qui/GPiXY/kcH8=

sliced@1.0.1:
  version "1.0.1"
  resolved "http://r.cnpmjs.org/sliced/download/sliced-1.0.1.tgz#0b3a662b5d04c3177b1926bea82b03f837a2ef41"
  integrity sha1-CzpmK10Ewxd7GSa+qCsD+Dei70E=

"statuses@>= 1.4.0 < 2", "statuses@>= 1.5.0 < 2", statuses@^1.5.0:
  version "1.5.0"
  resolved "http://r.cnpmjs.org/statuses/download/statuses-1.5.0.tgz#161c7dac177659fd9811f43771fa99381478628c"
  integrity sha1-Fhx9rBd2Wf2YEfQ3cfqZOBR4Yow=

streamsearch@0.1.2:
  version "0.1.2"
  resolved "http://r.cnpmjs.org/streamsearch/download/streamsearch-0.1.2.tgz#808b9d0e56fc273d809ba57338e929919a1a9f1a"
  integrity sha1-gIudDlb8Jz2Am6VzOOkpkZoanxo=

string_decoder@~0.10.x:
  version "0.10.31"
  resolved "http://r.cnpmjs.org/string_decoder/download/string_decoder-0.10.31.tgz#62e203bc41766c6c28c9fc84301dab1c5310fa94"
  integrity sha1-YuIDvEF2bGwoyfyEMB2rHFMQ+pQ=

string_decoder@~1.0.0:
  version "1.0.3"
  resolved "http://r.cnpmjs.org/string_decoder/download/string_decoder-1.0.3.tgz#0fc67d7c141825de94282dd536bec6b9bce860ab"
  integrity sha1-D8Z9fBQYJd6UKC3VNr7GubzoYKs=
  dependencies:
    safe-buffer "~5.1.0"

string_decoder@~1.1.1:
  version "1.1.1"
  resolved "http://r.cnpmjs.org/string_decoder/download/string_decoder-1.1.1.tgz#9cf1611ba62685d7030ae9e4ba34149c3af03fc8"
  integrity sha1-nPFhG6YmhdcDCunkujQUnDrwP8g=
  dependencies:
    safe-buffer "~5.1.0"

toidentifier@1.0.0:
  version "1.0.0"
  resolved "http://r.cnpmjs.org/toidentifier/download/toidentifier-1.0.0.tgz#7e1be3470f1e77948bc43d94a3c8f4d7752ba553"
  integrity sha1-fhvjRw8ed5SLxD2Uo8j013UrpVM=

topo@1.x.x:
  version "1.1.0"
  resolved "http://r.cnpmjs.org/topo/download/topo-1.1.0.tgz#e9d751615d1bb87dc865db182fa1ca0a5ef536d5"
  integrity sha1-6ddRYV0buH3IZdsYL6HKCl71NtU=
  dependencies:
    hoek "2.x.x"

type-is@^1.6.14, type-is@^1.6.16, type-is@^1.6.4:
  version "1.6.16"
  resolved "http://r.cnpmjs.org/type-is/download/type-is-1.6.16.tgz#f89ce341541c672b25ee7ae3c73dee3b2be50194"
  integrity sha1-+JzjQVQcZysl7nrjxz3uOyvlAZQ=
  dependencies:
    media-typer "0.3.0"
    mime-types "~2.1.18"

typedarray@^0.0.6:
  version "0.0.6"
  resolved "http://r.cnpmjs.org/typedarray/download/typedarray-0.0.6.tgz#867ac74e3864187b1d3d47d996a78ec5c8830777"
  integrity sha1-hnrHTjhkGHsdPUfZlqeOxciDB3c=

unpipe@1.0.0:
  version "1.0.0"
  resolved "http://r.cnpmjs.org/unpipe/download/unpipe-1.0.0.tgz#b2bf4ee8514aae6165b4817829d21b2ef49904ec"
  integrity sha1-sr9O6FFKrmFltIF4KdIbLvSZBOw=

urijs@^1.19.0:
  version "1.19.1"
  resolved "http://r.cnpmjs.org/urijs/download/urijs-1.19.1.tgz#5b0ff530c0cbde8386f6342235ba5ca6e995d25a"
  integrity sha1-Ww/1MMDL3oOG9jQiNbpcpumV0lo=

util-deprecate@~1.0.1:
  version "1.0.2"
  resolved "http://r.cnpmjs.org/util-deprecate/download/util-deprecate-1.0.2.tgz#450d4dc9fa70de732762fbd2d4a28981419a0ccf"
  integrity sha1-RQ1Nyfpw3nMnYvvS1KKJgUGaDM8=

vary@^1.1.2:
  version "1.1.2"
  resolved "http://r.cnpmjs.org/vary/download/vary-1.1.2.tgz#2299f02c6ded30d4a5961b0b9f74524a18f634fc"
  integrity sha1-IpnwLG3tMNSllhsLn3RSShj2NPw=

xtend@^4.0.0, xtend@^4.0.1:
  version "4.0.1"
  resolved "http://r.cnpmjs.org/xtend/download/xtend-4.0.1.tgz#a5c6d532be656e23db820efb943a1f04998d63af"
  integrity sha1-pcbVMr5lbiPbgg77lDofBJmNY68=

ylru@^1.2.0:
  version "1.2.1"
  resolved "http://r.cnpmjs.org/ylru/download/ylru-1.2.1.tgz#f576b63341547989c1de7ba288760923b27fe84f"
  integrity sha1-9Xa2M0FUeYnB3nuiiHYJI7J/6E8=
